1D6058900D05DD3D006BFB5B /* Debug */ = {
    isa = XCBuildConfiguration;
    buildSettings = {
        PRODUCT_BUNDLE_IDENTIFIER = "com.yourcompany.ShakeFlashlightWidgetApp";
        CODE_SIGN_IDENTITY = "";
        CODE_SIGN_STYLE = Automatic;
        DEVELOPMENT_TEAM = "";
        IPHONEOS_DEPLOYMENT_TARGET = 15.0;
        GCC_PREPROCESSOR_DEFINITIONS = (
            "DEBUG=1",
            "$(inherited)",
        );
        INFOPLIST_FILE = ShakeFlashlight/Info.plist;
        PRODUCT_NAME = "$(TARGET_NAME)";
        SDKROOT = iphoneos16.0;
        VALID_ARCHS = arm64;
        EXCLUDED_ARCHS = i386 x86_64; // Exclude simulator architectures for iOS devices
    };
    name = Debug;
};
1D6058900D05DD3D006BFB5C /* Release */ = {
    isa = XCBuildConfiguration;
    buildSettings = {
        PRODUCT_BUNDLE_IDENTIFIER = "com.yourcompany.ShakeFlashlightWidgetApp";
        CODE_SIGN_IDENTITY = "";
        CODE_SIGN_STYLE = Automatic;
        DEVELOPMENT_TEAM = "";
        IPHONEOS_DEPLOYMENT_TARGET = 15.0;
        INFOPLIST_FILE = ShakeFlashlight/Info.plist;
        PRODUCT_NAME = "$(TARGET_NAME)";
        SDKROOT = iphoneos16.0;
        VALID_ARCHS = arm64;
        EXCLUDED_ARCHS = i386 x86_64; // Exclude simulator architectures for iOS devices
    };
    name = Release;
};
